{
  "name": "api",
  "version": "1.0.0",
  "lockfileVersion": 3,
  "requires": true,
  "packages": {
    "": {
      "name": "api",
      "version": "1.0.0",
      "license": "UNLICENSED",
      "dependencies": {
        "@azure/functions": "^4.16.2",
        "node-ical": "^0.27.1"
      }
    },
    "node_modules/@azure/functions": {
      "version": "4.16.2",
      "resolved": "https://registry.npmjs.org/@azure/functions/-/functions-4.16.2.tgz",
      "integrity": "sha512-6uq0Z7e3njy8fHpgCVIJWDtbkZz+BYXc6L8fQjisf8+hPdnauM5yZ70j9YC8xas6zvL1dFA+EfLuZcNYyuWLTg==",
      "license": "MIT",
      "dependencies": {
        "@azure/functions-extensions-base": "0.3.0",
        "cookie": "^0.7.0"
      },
      "engines": {
        "node": ">=20.0"
      }
    },
    "node_modules/@azure/functions-extensions-base": {
      "version": "0.3.0",
      "resolved": "https://registry.npmjs.org/@azure/functions-extensions-base/-/functions-extensions-base-0.3.0.tgz",
      "integrity": "sha512-Cux0hLu5ZXlC/Kb+yvJVhRLIdkfFwui2HeT5oGZL00r/GCUUkhGTzRfZUjRN4Bq729mPv3okPucz2z7SMQLStA==",
      "license": "MIT",
      "engines": {
        "node": ">=18.0"
      }
    },
    "node_modules/cookie": {
      "version": "0.7.2",
      "resolved": "https://registry.npmjs.org/cookie/-/cookie-0.7.2.tgz",
      "integrity": "sha512-yki5XnKuf750l50uGTllt6kKILY4nQ1eNIQatoXEByZ5dWgnKqbnqmTrBE5B4N7lrMJKQ2ytWMiTO2o0v6Ew/w==",
      "license": "MIT",
      "engines": {
        "node": ">= 0.6"
      }
    },
    "node_modules/node-ical": {
      "version": "0.27.1",
      "resolved": "https://registry.npmjs.org/node-ical/-/node-ical-0.27.1.tgz",
      "integrity": "sha512-5fiKuh/h2HrWKzFt20LtRQdjtjdGfijGfDnCfdAEc++SFX9gA6sa7xwj7/BJmRfWtW/NJWBenN4tOJhg0vM3pg==",
      "license": "Apache-2.0",
      "dependencies": {
        "rrule-temporal": "^2.0.0",
        "temporal-polyfill": "^1.0.1"
      },
      "engines": {
        "node": ">=22"
      }
    },
    "node_modules/rrule-temporal": {
      "version": "2.2.2",
      "resolved": "https://registry.npmjs.org/rrule-temporal/-/rrule-temporal-2.2.2.tgz",
      "integrity": "sha512-Jou/SRm7afcxolCjfsL8CwklY7z4I34jV03X7yH2HdyGtvp08pf+3MRRmzkrFXO7pp+KNsSbB4fQ88fptMdLdA==",
      "license": "MIT",
      "dependencies": {
        "temporal-spec": "^1.0.0"
      }
    },
    "node_modules/temporal-polyfill": {
      "version": "1.0.4",
      "resolved": "https://registry.npmjs.org/temporal-polyfill/-/temporal-polyfill-1.0.4.tgz",
      "integrity": "sha512-MLEU0qOD2uXlz24oINNtdLZQl8RgmMxSnRtKEGZGGetTJjlRwQJjk+VsJ4EREaUoiaTb8NJOcUiKtoAiWn9EBg==",
      "license": "MIT",
      "dependencies": {
        "temporal-spec": "1.0.1",
        "temporal-utils": "1.0.2"
      }
    },
    "node_modules/temporal-spec": {
      "version": "1.0.1",
      "resolved": "https://registry.npmjs.org/temporal-spec/-/temporal-spec-1.0.1.tgz",
      "integrity": "sha512-wxVoanmDeavXie1vu2JaQ3WIc3JZnWAOYFBsJyATaVsXsycKYUflGsyBmrRSnoCpZJpwPyr38VpgSUlQ8CbFxg==",
      "license": "Apache-2.0"
    },
    "node_modules/temporal-utils": {
      "version": "1.0.2",
      "resolved": "https://registry.npmjs.org/temporal-utils/-/temporal-utils-1.0.2.tgz",
      "integrity": "sha512-1B8Dl4KzrOvsNUlpoWGno2VLQlxroLjDgc5NBjVC9ax9ymdo+ezfyvhyjEMx+IVfhINr6CIG2gcnlP95iRrybQ==",
      "license": "MIT"
    }
  }
}
